<?xml version="1.0" encoding="utf-8"?>
<Project ToolsVersion="4.0" xmlns="http://schemas.microsoft.com/developer/msbuild/2003">
  <ItemGroup>
    <Filter Include="Source Files">
      <UniqueIdentifier>{4FC737F1-C7A5-4376-A066-2A32D752A2FF}</UniqueIdentifier>
      <Extensions>cpp;c;cc;cxx;c++;cppm;ixx;def;odl;idl;hpj;bat;asm;asmx</Extensions>
    </Filter>
    <Filter Include="Resource Files">
      <UniqueIdentifier>{67DA6AB6-F800-4c08-8B7A-83BB121AAD01}</UniqueIdentifier>
      <Extensions>rc;ico;cur;bmp;dlg;rc2;rct;bin;rgs;gif;jpg;jpeg;jpe;resx;tiff;tif;png;wav;mfcribbon-ms</Extensions>
    </Filter>
    <Filter Include="utility">
      <UniqueIdentifier>{b47e09cb-bd8c-44b8-b675-288bf7969771}</UniqueIdentifier>
    </Filter>
    <Filter Include="containers">
      <UniqueIdentifier>{f1b91b72-f932-45a2-97c6-b722a8a7b165}</UniqueIdentifier>
    </Filter>
    <Filter Include="containers\lightfile">
      <UniqueIdentifier>{97aff2be-37b8-496e-bcd0-c0b0562cf3c8}</UniqueIdentifier>
    </Filter>
  </ItemGroup>
  <ItemGroup>
    <ClCompile Include="..\containers\lightfile\lightheader.cpp">
      <Filter>containers\lightfile</Filter>
    </ClCompile>
    <ClCompile Include="chunk.cpp">
      <Filter>Source Files</Filter>
    </ClCompile>
    <ClCompile Include="inputlist.cpp">
      <Filter>Source Files</Filter>
    </ClCompile>
    <ClCompile Include="main.cpp">
      <Filter>Source Files</Filter>
    </ClCompile>
    <ClCompile Include="sourcecollection.cpp">
      <Filter>Source Files</Filter>
    </ClCompile>
    <ClCompile Include="sourcesection.cpp">
      <Filter>Source Files</Filter>
    </ClCompile>
  </ItemGroup>
  <ItemGroup>
    <ClInclude Include="..\containers\lightfile\lightheader.hpp">
      <Filter>containers\lightfile</Filter>
    </ClInclude>
    <ClInclude Include="chunk.hpp">
      <Filter>Source Files</Filter>
    </ClInclude>
    <ClInclude Include="inputlist.hpp">
      <Filter>Source Files</Filter>
    </ClInclude>
    <ClInclude Include="sourcecollection.hpp">
      <Filter>Source Files</Filter>
    </ClInclude>
    <ClInclude Include="sourcesection.hpp">
      <Filter>Source Files</Filter>
    </ClInclude>
    <ClInclude Include="..\utility\dbgutil.hpp">
      <Filter>utility</Filter>
    </ClInclude>
    <ClInclude Include="..\utility\strutil.hpp">
      <Filter>utility</Filter>
    </ClInclude>
  </ItemGroup>
</Project>